
Microsoft Visual Studio Solution File, Format Version 12.00
# Visual Studio Version 17
VisualStudioVersion = 17.0.32112.339
MinimumVisualStudioVersion = 10.0.40219.1
Project("{FAE04EC0-301F-11D3-BF4B-00C04F79EFBC}") = "EventPublisher", "EventPublisher.csproj", "{E9BB07EF-1BCF-4193-849B-1BD68411BCD8}"
EndProject
Global
	GlobalSection(SolutionConfigurationPlatforms) = preSolution
		Debug|Any CPU = Debug|Any CPU
		Release|Any CPU = Release|Any CPU
	EndGlobalSection
	GlobalSection(ProjectConfigurationPlatforms) = postSolution
		{E9BB07EF-1BCF-4193-849B-1BD68411BCD8}.Debug|Any CPU.ActiveCfg = Debug|Any CPU
		{E9BB07EF-1BCF-4193-849B-1BD68411BCD8}.Debug|Any CPU.Build.0 = Debug|Any CPU
		{E9BB07EF-1BCF-4193-849B-1BD68411BCD8}.Release|Any CPU.ActiveCfg = Release|Any CPU
		{E9BB07EF-1BCF-4193-849B-1BD68411BCD8}.Release|Any CPU.Build.0 = Release|Any CPU
	EndGlobalSection
	GlobalSection(SolutionProperties) = preSolution
		HideSolutionNode = FALSE
	EndGlobalSection
	GlobalSection(ExtensibilityGlobals) = postSolution
		SolutionGuid = {1E01175D-3502-47D1-95FF-2F6BF54DEF49}
	EndGlobalSection
EndGlobal
