
Microsoft Visual Studio Solution File, Format Version 12.00
# Visual Studio Version 17
VisualStudioVersion = 17.0.32112.339
MinimumVisualStudioVersion = 10.0.40219.1
Project("{FAE04EC0-301F-11D3-BF4B-00C04F79EFBC}") = "MessageReader", "MessageReader.csproj", "{A68836E0-EEFB-4A78-9D4F-C93941C96159}"
EndProject
Global
	GlobalSection(SolutionConfigurationPlatforms) = preSolution
		Debug|Any CPU = Debug|Any CPU
		Release|Any CPU = Release|Any CPU
	EndGlobalSection
	GlobalSection(ProjectConfigurationPlatforms) = postSolution
		{A68836E0-EEFB-4A78-9D4F-C93941C96159}.Debug|Any CPU.ActiveCfg = Debug|Any CPU
		{A68836E0-EEFB-4A78-9D4F-C93941C96159}.Debug|Any CPU.Build.0 = Debug|Any CPU
		{A68836E0-EEFB-4A78-9D4F-C93941C96159}.Release|Any CPU.ActiveCfg = Release|Any CPU
		{A68836E0-EEFB-4A78-9D4F-C93941C96159}.Release|Any CPU.Build.0 = Release|Any CPU
	EndGlobalSection
	GlobalSection(SolutionProperties) = preSolution
		HideSolutionNode = FALSE
	EndGlobalSection
	GlobalSection(ExtensibilityGlobals) = postSolution
		SolutionGuid = {E60CFBC3-7D2A-4889-8250-F8F020A4C6C9}
	EndGlobalSection
EndGlobal
